
Microsoft Visual Studio Solution File, Format Version 12.00
# Visual Studio 15
VisualStudioVersion = 15.0.26124.0
MinimumVisualStudioVersion = 15.0.26124.0
Project("{FAE04EC0-301F-11D3-BF4B-00C04F79EFBC}") = "app", "app\app.csproj", "{3C48443F-360B-44A9-8271-7D6C103E5B04}"
EndProject
Project("{FAE04EC0-301F-11D3-BF4B-00C04F79EFBC}") = "tests", "tests\tests.csproj", "{11FCFD62-9D2D-4992-956F-70FBB87893ED}"
EndProject
Global
	GlobalSection(SolutionConfigurationPlatforms) = preSolution
		Debug|Any CPU = Debug|Any CPU
		Debug|x64 = Debug|x64
		Debug|x86 = Debug|x86
		Release|Any CPU = Release|Any CPU
		Release|x64 = Release|x64
		Release|x86 = Release|x86
	EndGlobalSection
	GlobalSection(SolutionProperties) = preSolution
		HideSolutionNode = FALSE
	EndGlobalSection
	GlobalSection(ProjectConfigurationPlatforms) = postSolution
		{3C48443F-360B-44A9-8271-7D6C103E5B04}.Debug|Any CPU.ActiveCfg = Debug|Any CPU
		{3C48443F-360B-44A9-8271-7D6C103E5B04}.Debug|Any CPU.Build.0 = Debug|Any CPU
		{3C48443F-360B-44A9-8271-7D6C103E5B04}.Debug|x64.ActiveCfg = Debug|Any CPU
		{3C48443F-360B-44A9-8271-7D6C103E5B04}.Debug|x64.Build.0 = Debug|Any CPU
		{3C48443F-360B-44A9-8271-7D6C103E5B04}.Debug|x86.ActiveCfg = Debug|Any CPU
		{3C48443F-360B-44A9-8271-7D6C103E5B04}.Debug|x86.Build.0 = Debug|Any CPU
		{3C48443F-360B-44A9-8271-7D6C103E5B04}.Release|Any CPU.ActiveCfg = Release|Any CPU
		{3C48443F-360B-44A9-8271-7D6C103E5B04}.Release|Any CPU.Build.0 = Release|Any CPU
		{3C48443F-360B-44A9-8271-7D6C103E5B04}.Release|x64.ActiveCfg = Release|Any CPU
		{3C48443F-360B-44A9-8271-7D6C103E5B04}.Release|x64.Build.0 = Release|Any CPU
		{3C48443F-360B-44A9-8271-7D6C103E5B04}.Release|x86.ActiveCfg = Release|Any CPU
		{3C48443F-360B-44A9-8271-7D6C103E5B04}.Release|x86.Build.0 = Release|Any CPU
		{11FCFD62-9D2D-4992-956F-70FBB87893ED}.Debug|Any CPU.ActiveCfg = Debug|Any CPU
		{11FCFD62-9D2D-4992-956F-70FBB87893ED}.Debug|Any CPU.Build.0 = Debug|Any CPU
		{11FCFD62-9D2D-4992-956F-70FBB87893ED}.Debug|x64.ActiveCfg = Debug|Any CPU
		{11FCFD62-9D2D-4992-956F-70FBB87893ED}.Debug|x64.Build.0 = Debug|Any CPU
		{11FCFD62-9D2D-4992-956F-70FBB87893ED}.Debug|x86.ActiveCfg = Debug|Any CPU
		{11FCFD62-9D2D-4992-956F-70FBB87893ED}.Debug|x86.Build.0 = Debug|Any CPU
		{11FCFD62-9D2D-4992-956F-70FBB87893ED}.Release|Any CPU.ActiveCfg = Release|Any CPU
		{11FCFD62-9D2D-4992-956F-70FBB87893ED}.Release|Any CPU.Build.0 = Release|Any CPU
		{11FCFD62-9D2D-4992-956F-70FBB87893ED}.Release|x64.ActiveCfg = Release|Any CPU
		{11FCFD62-9D2D-4992-956F-70FBB87893ED}.Release|x64.Build.0 = Release|Any CPU
		{11FCFD62-9D2D-4992-956F-70FBB87893ED}.Release|x86.ActiveCfg = Release|Any CPU
		{11FCFD62-9D2D-4992-956F-70FBB87893ED}.Release|x86.Build.0 = Release|Any CPU
	EndGlobalSection
EndGlobal
